{
  "nodes": {
    "home-manager": {
      "inputs": {
        "nixpkgs": [
          "nixpkgs"
        ]
      },
      "locked": {
        "lastModified": 1765605144,
        "narHash": "sha256-RM2xs+1HdHxesjOelxoA3eSvXShC8pmBvtyTke4Ango=",
        "owner": "nix-community",
        "repo": "home-manager",
        "rev": "90b62096f099b73043a747348c11dbfcfbdea949",
        "type": "github"
      },
      "original": {
        "owner": "nix-community",
        "ref": "release-25.11",
        "repo": "home-manager",
        "type": "github"
      }
    },
    "nixpkgs": {
      "locked": {
        "lastModified": 1765762245,
        "narHash": "sha256-3iXM/zTqEskWtmZs3gqNiVtRTsEjYAedIaLL0mSBsrk=",
        "owner": "nixos",
        "repo": "nixpkgs",
        "rev": "c8cfcd6ccd422e41cc631a0b73ed4d5a925c393d",
        "type": "github"
      },
      "original": {
        "owner": "nixos",
        "ref": "nixos-25.11",
        "repo": "nixpkgs",
        "type": "github"
      }
    },
    "pure": {
      "flake": false,
      "locked": {
        "lastModified": 1763198167,
        "narHash": "sha256-AZSxP2g6BWoxyiSQH7yzbbbfGcwD8jgnXPPfcYwJUL0=",
        "owner": "sindresorhus",
        "repo": "pure",
        "rev": "54bd501c802283dee0940457da6eb3e642bd1453",
        "type": "github"
      },
      "original": {
        "owner": "sindresorhus",
        "repo": "pure",
        "type": "github"
      }
    },
    "root": {
      "inputs": {
        "home-manager": "home-manager",
        "nixpkgs": "nixpkgs",
        "pure": "pure",
        "zsh-autosuggestions": "zsh-autosuggestions",
        "zsh-z": "zsh-z"
      }
    },
    "zsh-autosuggestions": {
      "flake": false,
      "locked": {
        "lastModified": 1750781703,
        "narHash": "sha256-KmkXgK1J6iAyb1FtF/gOa0adUnh1pgFsgQOUnNngBaE=",
        "owner": "zsh-users",
        "repo": "zsh-autosuggestions",
        "rev": "85919cd1ffa7d2d5412f6d3fe437ebdbeeec4fc5",
        "type": "github"
      },
      "original": {
        "owner": "zsh-users",
        "repo": "zsh-autosuggestions",
        "type": "github"
      }
    },
    "zsh-z": {
      "flake": false,
      "locked": {
        "lastModified": 1746649355,
        "narHash": "sha256-C79eSOaWNHSJiUGmHzu9d0zO0NdW+dktK21a2niPZm0=",
        "owner": "agkozak",
        "repo": "zsh-z",
        "rev": "cf9225feebfae55e557e103e95ce20eca5eff270",
        "type": "github"
      },
      "original": {
        "owner": "agkozak",
        "repo": "zsh-z",
        "type": "github"
      }
    }
  },
  "root": "root",
  "version": 7
}
