{
  "nodes": {
    "home-manager": {
      "inputs": {
        "nixpkgs": [
          "nixpkgs"
        ]
      },
      "locked": {
        "lastModified": 1777851538,
        "narHash": "sha256-Gp8qwTEYNoy2yvmErVGlvLOQvrtEECCAKbonW7VJef8=",
        "owner": "nix-community",
        "repo": "home-manager",
        "rev": "cc09c0f9b7eaa95c2d9827338a5eb03d32505ca5",
        "type": "github"
      },
      "original": {
        "owner": "nix-community",
        "ref": "release-25.11",
        "repo": "home-manager",
        "type": "github"
      }
    },
    "nixpkgs": {
      "locked": {
        "lastModified": 1778003029,
        "narHash": "sha256-q/nkKLDtHIyLjZpKhWk3cSK5IYsFqtMd6UtXF3ddjgA=",
        "owner": "nixos",
        "repo": "nixpkgs",
        "rev": "0c88e1f2bdb93d5999019e99cb0e61e1fe2af4c5",
        "type": "github"
      },
      "original": {
        "owner": "nixos",
        "ref": "nixos-25.11",
        "repo": "nixpkgs",
        "type": "github"
      }
    },
    "pure": {
      "flake": false,
      "locked": {
        "lastModified": 1779255807,
        "narHash": "sha256-UQ0hP3qJd4Qxiw1LXPdb9d0Dc4OSD3HJpgYzaCfujno=",
        "owner": "sindresorhus",
        "repo": "pure",
        "rev": "cc0759a0de620f191510e2e2f9748194a605b54d",
        "type": "github"
      },
      "original": {
        "owner": "sindresorhus",
        "repo": "pure",
        "type": "github"
      }
    },
    "root": {
      "inputs": {
        "home-manager": "home-manager",
        "nixpkgs": "nixpkgs",
        "pure": "pure",
        "zsh-autosuggestions": "zsh-autosuggestions",
        "zsh-z": "zsh-z"
      }
    },
    "zsh-autosuggestions": {
      "flake": false,
      "locked": {
        "lastModified": 1750781703,
        "narHash": "sha256-KmkXgK1J6iAyb1FtF/gOa0adUnh1pgFsgQOUnNngBaE=",
        "owner": "zsh-users",
        "repo": "zsh-autosuggestions",
        "rev": "85919cd1ffa7d2d5412f6d3fe437ebdbeeec4fc5",
        "type": "github"
      },
      "original": {
        "owner": "zsh-users",
        "repo": "zsh-autosuggestions",
        "type": "github"
      }
    },
    "zsh-z": {
      "flake": false,
      "locked": {
        "lastModified": 1777704112,
        "narHash": "sha256-/SReaADtuE6f3rT/eLh2vI4ucEFpWpDLz+TdbZxYjjc=",
        "owner": "agkozak",
        "repo": "zsh-z",
        "rev": "acd0e1984df350c189f8f9c4956ec586b6c73fca",
        "type": "github"
      },
      "original": {
        "owner": "agkozak",
        "repo": "zsh-z",
        "type": "github"
      }
    }
  },
  "root": "root",
  "version": 7
}
