{
  "name": "@openai/codex",
  "version": "0.129.0",
  "lockfileVersion": 3,
  "requires": true,
  "packages": {
    "": {
      "name": "@openai/codex",
      "version": "0.129.0",
      "license": "Apache-2.0",
      "bin": {
        "codex": "bin/codex.js"
      },
      "engines": {
        "node": ">=16"
      },
      "optionalDependencies": {
        "@openai/codex-darwin-arm64": "npm:@openai/codex@0.129.0-darwin-arm64",
        "@openai/codex-darwin-x64": "npm:@openai/codex@0.129.0-darwin-x64",
        "@openai/codex-linux-arm64": "npm:@openai/codex@0.129.0-linux-arm64",
        "@openai/codex-linux-x64": "npm:@openai/codex@0.129.0-linux-x64",
        "@openai/codex-win32-arm64": "npm:@openai/codex@0.129.0-win32-arm64",
        "@openai/codex-win32-x64": "npm:@openai/codex@0.129.0-win32-x64"
      }
    },
    "node_modules/@openai/codex-darwin-arm64": {
      "name": "@openai/codex",
      "version": "0.129.0-darwin-arm64",
      "resolved": "https://registry.npmjs.org/@openai/codex/-/codex-0.129.0-darwin-arm64.tgz",
      "integrity": "sha512-tVFwzbh612oip/yZMeQziMtUWLz08A8ChhS6U/bNZjCKWD11bQvDZjxZJNzhWvmom/gKeXstwoUp9u1S8eCcnA==",
      "cpu": [
        "arm64"
      ],
      "license": "Apache-2.0",
      "optional": true,
      "os": [
        "darwin"
      ],
      "engines": {
        "node": ">=16"
      }
    },
    "node_modules/@openai/codex-darwin-x64": {
      "name": "@openai/codex",
      "version": "0.129.0-darwin-x64",
      "resolved": "https://registry.npmjs.org/@openai/codex/-/codex-0.129.0-darwin-x64.tgz",
      "integrity": "sha512-BtGc4ujzxRVIB0DcpiehP7/aQeAGEi0pNd9C98rtIqy1OBMwhOZ3ri/achzP0lxw8LWWFp8sL+hQdTGze6SGwg==",
      "cpu": [
        "x64"
      ],
      "license": "Apache-2.0",
      "optional": true,
      "os": [
        "darwin"
      ],
      "engines": {
        "node": ">=16"
      }
    },
    "node_modules/@openai/codex-linux-arm64": {
      "name": "@openai/codex",
      "version": "0.129.0-linux-arm64",
      "resolved": "https://registry.npmjs.org/@openai/codex/-/codex-0.129.0-linux-arm64.tgz",
      "integrity": "sha512-VnjI4Xla4uwaAqYCekwBm4dlucvaduTdhVr3bqU+6qfG5N9yn1bR7ZS7xMRlaRgS0oIst9fgYyC2niSYPOzuDA==",
      "cpu": [
        "arm64"
      ],
      "license": "Apache-2.0",
      "optional": true,
      "os": [
        "linux"
      ],
      "engines": {
        "node": ">=16"
      }
    },
    "node_modules/@openai/codex-linux-x64": {
      "name": "@openai/codex",
      "version": "0.129.0-linux-x64",
      "resolved": "https://registry.npmjs.org/@openai/codex/-/codex-0.129.0-linux-x64.tgz",
      "integrity": "sha512-YwkJtcHXeXdI+cfdv7qKGfafwePEEbSCRL5Z++/8djnI+iBj6nIMz4ouhe12yvsMccVqNTtCH8H0QrygHARpNg==",
      "cpu": [
        "x64"
      ],
      "license": "Apache-2.0",
      "optional": true,
      "os": [
        "linux"
      ],
      "engines": {
        "node": ">=16"
      }
    },
    "node_modules/@openai/codex-win32-arm64": {
      "name": "@openai/codex",
      "version": "0.129.0-win32-arm64",
      "resolved": "https://registry.npmjs.org/@openai/codex/-/codex-0.129.0-win32-arm64.tgz",
      "integrity": "sha512-8rwpYBKg/vI3IHZB2ggFmIDz+4slG7mfYTFoQtRw2m2KMS1g1XMOJK9heM80NMiCY3hqmyMN81bOQ7aKAmgFLg==",
      "cpu": [
        "arm64"
      ],
      "license": "Apache-2.0",
      "optional": true,
      "os": [
        "win32"
      ],
      "engines": {
        "node": ">=16"
      }
    },
    "node_modules/@openai/codex-win32-x64": {
      "name": "@openai/codex",
      "version": "0.129.0-win32-x64",
      "resolved": "https://registry.npmjs.org/@openai/codex/-/codex-0.129.0-win32-x64.tgz",
      "integrity": "sha512-yP59c7O3J8zZ/eyN6HXMeeZ2xksJE8/Xy9kn3qznC7jCN3GEtM7B6Wv4gEY5F/jzik+B+tU71rmkGmqzQjfVVQ==",
      "cpu": [
        "x64"
      ],
      "license": "Apache-2.0",
      "optional": true,
      "os": [
        "win32"
      ],
      "engines": {
        "node": ">=16"
      }
    }
  }
}
